
Microsoft Visual Studio Solution File, Format Version 12.00
# Visual Studio 2013
VisualStudioVersion = 12.0.21005.1
MinimumVisualStudioVersion = 10.0.40219.1
Project("{FAE04EC0-301F-11D3-BF4B-00C04F79EFBC}") = "NinjaTrader_FixBridge", "NinjaTrader_FixBridge\NinjaTrader_FixBridge.csproj", "{137438B3-3A94-49A7-91E1-2A218AED6E58}"
EndProject
Project("{FAE04EC0-301F-11D3-BF4B-00C04F79EFBC}") = "QuickFix", "..\..\quickfixn\QuickFIXn\QuickFix.csproj", "{D67079DA-6C49-48B2-93AB-1C3E879F5A0B}"
EndProject
Global
	GlobalSection(SolutionConfigurationPlatforms) = preSolution
		Debug|Any CPU = Debug|Any CPU
		Release|Any CPU = Release|Any CPU
	EndGlobalSection
	GlobalSection(ProjectConfigurationPlatforms) = postSolution
		{137438B3-3A94-49A7-91E1-2A218AED6E58}.Debug|Any CPU.ActiveCfg = Debug|Any CPU
		{137438B3-3A94-49A7-91E1-2A218AED6E58}.Debug|Any CPU.Build.0 = Debug|Any CPU
		{137438B3-3A94-49A7-91E1-2A218AED6E58}.Release|Any CPU.ActiveCfg = Release|Any CPU
		{137438B3-3A94-49A7-91E1-2A218AED6E58}.Release|Any CPU.Build.0 = Release|Any CPU
		{D67079DA-6C49-48B2-93AB-1C3E879F5A0B}.Debug|Any CPU.ActiveCfg = Debug|Any CPU
		{D67079DA-6C49-48B2-93AB-1C3E879F5A0B}.Debug|Any CPU.Build.0 = Debug|Any CPU
		{D67079DA-6C49-48B2-93AB-1C3E879F5A0B}.Release|Any CPU.ActiveCfg = Release|Any CPU
		{D67079DA-6C49-48B2-93AB-1C3E879F5A0B}.Release|Any CPU.Build.0 = Release|Any CPU
	EndGlobalSection
	GlobalSection(SolutionProperties) = preSolution
		HideSolutionNode = FALSE
	EndGlobalSection
EndGlobal
